
Microsoft Visual Studio Solution File, Format Version 12.00
# Visual Studio 15
Project("{FAE04EC0-301F-11D3-BF4B-00C04F79EFBC}") = "Assembly-CSharp", "Assembly-CSharp.csproj", "{0D4A8ABF-04B2-AF49-4FAE-5F154E81A857}"
EndProject
Project("{FAE04EC0-301F-11D3-BF4B-00C04F79EFBC}") = "Assembly-CSharp-Editor", "Assembly-CSharp-Editor.csproj", "{ED18C54D-3453-0CF4-4E99-5209E41BE470}"
EndProject
Global
	GlobalSection(SolutionConfigurationPlatforms) = preSolution
		Debug|Any CPU = Debug|Any CPU
		Release|Any CPU = Release|Any CPU
	EndGlobalSection
	GlobalSection(ProjectConfigurationPlatforms) = postSolution
		{0D4A8ABF-04B2-AF49-4FAE-5F154E81A857}.Debug|Any CPU.ActiveCfg = Debug|Any CPU
		{0D4A8ABF-04B2-AF49-4FAE-5F154E81A857}.Debug|Any CPU.Build.0 = Debug|Any CPU
		{0D4A8ABF-04B2-AF49-4FAE-5F154E81A857}.Release|Any CPU.ActiveCfg = Release|Any CPU
		{0D4A8ABF-04B2-AF49-4FAE-5F154E81A857}.Release|Any CPU.Build.0 = Release|Any CPU
		{ED18C54D-3453-0CF4-4E99-5209E41BE470}.Debug|Any CPU.ActiveCfg = Debug|Any CPU
		{ED18C54D-3453-0CF4-4E99-5209E41BE470}.Debug|Any CPU.Build.0 = Debug|Any CPU
		{ED18C54D-3453-0CF4-4E99-5209E41BE470}.Release|Any CPU.ActiveCfg = Release|Any CPU
		{ED18C54D-3453-0CF4-4E99-5209E41BE470}.Release|Any CPU.Build.0 = Release|Any CPU
	EndGlobalSection
	GlobalSection(SolutionProperties) = preSolution
		HideSolutionNode = FALSE
	EndGlobalSection
EndGlobal
